// !$*UTF8*$!
{
	archiveVersion = 1;
	classes = {
	};
	objectVersion = 56;
	objects = {

/* Begin PBXBuildFile section */
		235919BC2BEE41DE009B6FDB /* AppDelegate.swift in Sources */ = {isa = PBXBuildFile; fileRef = 235919BB2BEE41DE009B6FDB /* AppDelegate.swift */; };
		235919BE2BEE41DE009B6FDB /* SceneDelegate.swift in Sources */ = {isa = PBXBuildFile; fileRef = 235919BD2BEE41DE009B6FDB /* SceneDelegate.swift */; };
		235919C02BEE41DE009B6FDB /* ViewController.swift in Sources */ = {isa = PBXBuildFile; fileRef = 235919BF2BEE41DE009B6FDB /* ViewController.swift */; };
		235919C32BEE41DE009B6FDB /* Base in Resources */ = {isa = PBXBuildFile; fileRef = 235919C22BEE41DE009B6FDB /* Base */; };
		235919C52BEE41DF009B6FDB /* Assets.xcassets in Resources */ = {isa = PBXBuildFile; fileRef = 235919C42BEE41DF009B6FDB /* Assets.xcassets */; };
		235919C82BEE41DF009B6FDB /* Base in Resources */ = {isa = PBXBuildFile; fileRef = 235919C72BEE41DF009B6FDB /* Base */; };
		23E649622BF9D47E00A0D64E /* OrderTableViewCell.swift in Sources */ = {isa = PBXBuildFile; fileRef = 23E649602BF9D47E00A0D64E /* OrderTableViewCell.swift */; };
		23E649632BF9D47E00A0D64E /* OrderTableViewCell.xib in Resources */ = {isa = PBXBuildFile; fileRef = 23E649612BF9D47E00A0D64E /* OrderTableViewCell.xib */; };
		23E649652BFA78A400A0D64E /* OrderViewController.swift in Sources */ = {isa = PBXBuildFile; fileRef = 23E649642BFA78A400A0D64E /* OrderViewController.swift */; };
/* End PBXBuildFile section */

/* Begin PBXFileReference section */
		235919B82BEE41DE009B6FDB /* baemin_order.app */ = {isa = PBXFileReference; explicitFileType = wrapper.application; includeInIndex = 0; path = baemin_order.app; sourceTree = BUILT_PRODUCTS_DIR; };
		235919BB2BEE41DE009B6FDB /* AppDelegate.swift */ = {isa = PBXFileReference; lastKnownFileType = sourcecode.swift; path = AppDelegate.swift; sourceTree = "<group>"; };
		235919BD2BEE41DE009B6FDB /* SceneDelegate.swift */ = {isa = PBXFileReference; lastKnownFileType = sourcecode.swift; path = SceneDelegate.swift; sourceTree = "<group>"; };
		235919BF2BEE41DE009B6FDB /* ViewController.swift */ = {isa = PBXFileReference; lastKnownFileType = sourcecode.swift; path = ViewController.swift; sourceTree = "<group>"; };
		235919C22BEE41DE009B6FDB /* Base */ = {isa = PBXFileReference; lastKnownFileType = file.storyboard; name = Base; path = Base.lproj/Main.storyboard; sourceTree = "<group>"; };
		235919C42BEE41DF009B6FDB /* Assets.xcassets */ = {isa = PBXFileReference; lastKnownFileType = folder.assetcatalog; path = Assets.xcassets; sourceTree = "<group>"; };
		235919C72BEE41DF009B6FDB /* Base */ = {isa = PBXFileReference; lastKnownFileType = file.storyboard; name = Base; path = Base.lproj/LaunchScreen.storyboard; sourceTree = "<group>"; };
		235919C92BEE41DF009B6FDB /* Info.plist */ = {isa = PBXFileReference; lastKnownFileType = text.plist.xml; path = Info.plist; sourceTree = "<group>"; };
		23E649602BF9D47E00A0D64E /* OrderTableViewCell.swift */ = {isa = PBXFileReference; lastKnownFileType = sourcecode.swift; path = OrderTableViewCell.swift; sourceTree = "<group>"; };
		23E649612BF9D47E00A0D64E /* OrderTableViewCell.xib */ = {isa = PBXFileReference; lastKnownFileType = file.xib; path = OrderTableViewCell.xib; sourceTree = "<group>"; };
		23E649642BFA78A400A0D64E /* OrderViewController.swift */ = {isa = PBXFileReference; lastKnownFileType = sourcecode.swift; path = OrderViewController.swift; sourceTree = "<group>"; };
/* End PBXFileReference section */

/* Begin PBXFrameworksBuildPhase section */
		235919B52BEE41DE009B6FDB /* Frameworks */ = {
			isa = PBXFrameworksBuildPhase;
			buildActionMask = 2147483647;
			files = (
			);
			runOnlyForDeploymentPostprocessing = 0;
		};
/* End PBXFrameworksBuildPhase section */

/* Begin PBXGroup section */
		235919AF2BEE41DE009B6FDB = {
			isa = PBXGroup;
			children = (
				235919BA2BEE41DE009B6FDB /* baemin_order */,
				235919B92BEE41DE009B6FDB /* Products */,
			);
			sourceTree = "<group>";
		};
		235919B92BEE41DE009B6FDB /* Products */ = {
			isa = PBXGroup;
			children = (
				235919B82BEE41DE009B6FDB /* baemin_order.app */,
			);
			name = Products;
			sourceTree = "<group>";
		};
		235919BA2BEE41DE009B6FDB /* baemin_order */ = {
			isa = PBXGroup;
			children = (
				235919BB2BEE41DE009B6FDB /* AppDelegate.swift */,
				235919BD2BEE41DE009B6FDB /* SceneDelegate.swift */,
				235919BF2BEE41DE009B6FDB /* ViewController.swift */,
				235919C12BEE41DE009B6FDB /* Main.storyboard */,
				23E649642BFA78A400A0D64E /* OrderViewController.swift */,
				23E649602BF9D47E00A0D64E /* OrderTableViewCell.swift */,
				23E649612BF9D47E00A0D64E /* OrderTableViewCell.xib */,
				235919C42BEE41DF009B6FDB /* Assets.xcassets */,
				235919C62BEE41DF009B6FDB /* LaunchScreen.storyboard */,
				235919C92BEE41DF009B6FDB /* Info.plist */,
			);
			path = baemin_order;
			sourceTree = "<group>";
		};
/* End PBXGroup section */

/* Begin PBXNativeTarget section */
		235919B72BEE41DE009B6FDB /* baemin_order */ = {
			isa = PBXNativeTarget;
			buildConfigurationList = 235919CC2BEE41DF009B6FDB /* Build configuration list for PBXNativeTarget "baemin_order" */;
			buildPhases = (
				235919B42BEE41DE009B6FDB /* Sources */,
				235919B52BEE41DE009B6FDB /* Frameworks */,
				235919B62BEE41DE009B6FDB /* Resources */,
			);
			buildRules = (
			);
			dependencies = (
			);
			name = baemin_order;
			productName = baemin_order;
			productReference = 235919B82BEE41DE009B6FDB /* baemin_order.app */;
			productType = "com.apple.product-type.application";
		};
/* End PBXNativeTarget section */

/* Begin PBXProject section */
		235919B02BEE41DE009B6FDB /* Project object */ = {
			isa = PBXProject;
			attributes = {
				BuildIndependentTargetsInParallel = 1;
				LastSwiftUpdateCheck = 1530;
				LastUpgradeCheck = 1530;
				TargetAttributes = {
					235919B72BEE41DE009B6FDB = {
						CreatedOnToolsVersion = 15.3;
					};
				};
			};
			buildConfigurationList = 235919B32BEE41DE009B6FDB /* Build configuration list for PBXProject "baemin_order" */;
			compatibilityVersion = "Xcode 14.0";
			developmentRegion = en;
			hasScannedForEncodings = 0;
			knownRegions = (
				en,
				Base,
			);
			mainGroup = 235919AF2BEE41DE009B6FDB;
			productRefGroup = 235919B92BEE41DE009B6FDB /* Products */;
			projectDirPath = "";
			projectRoot = "";
			targets = (
				235919B72BEE41DE009B6FDB /* baemin_order */,
			);
		};
/* End PBXProject section */

/* Begin PBXResourcesBuildPhase section */
		235919B62BEE41DE009B6FDB /* Resources */ = {
			isa = PBXResourcesBuildPhase;
			buildActionMask = 2147483647;
			files = (
				235919C52BEE41DF009B6FDB /* Assets.xcassets in Resources */,
				235919C82BEE41DF009B6FDB /* Base in Resources */,
				23E649632BF9D47E00A0D64E /* OrderTableViewCell.xib in Resources */,
				235919C32BEE41DE009B6FDB /* Base in Resources */,
			);
			runOnlyForDeploymentPostprocessing = 0;
		};
/* End PBXResourcesBuildPhase section */

/* Begin PBXSourcesBuildPhase section */
		235919B42BEE41DE009B6FDB /* Sources */ = {
			isa = PBXSourcesBuildPhase;
			buildActionMask = 2147483647;
			files = (
				235919C02BEE41DE009B6FDB /* ViewController.swift in Sources */,
				23E649652BFA78A400A0D64E /* OrderViewController.swift in Sources */,
				235919BC2BEE41DE009B6FDB /* AppDelegate.swift in Sources */,
				23E649622BF9D47E00A0D64E /* OrderTableViewCell.swift in Sources */,
				235919BE2BEE41DE009B6FDB /* SceneDelegate.swift in Sources */,
			);
			runOnlyForDeploymentPostprocessing = 0;
		};
/* End PBXSourcesBuildPhase section */

/* Begin PBXVariantGroup section */
		235919C12BEE41DE009B6FDB /* Main.storyboard */ = {
			isa = PBXVariantGroup;
			children = (
				235919C22BEE41DE009B6FDB /* Base */,
			);
			name = Main.storyboard;
			sourceTree = "<group>";
		};
		235919C62BEE41DF009B6FDB /* LaunchScreen.storyboard */ = {
			isa = PBXVariantGroup;
			children = (
				235919C72BEE41DF009B6FDB /* Base */,
			);
			name = LaunchScreen.storyboard;
			sourceTree = "<group>";
		};
/* End PBXVariantGroup section */

/* Begin XCBuildConfiguration section */
		235919CA2BEE41DF009B6FDB /* Debug */ = {
			isa = XCBuildConfiguration;
			buildSettings = {
				ALWAYS_SEARCH_USER_PATHS = NO;
				ASSETCATALOG_COMPILER_GENERATE_SWIFT_ASSET_SYMBOL_EXTENSIONS = YES;
				CLANG_ANALYZER_NONNULL = YES;
				CLANG_ANALYZER_NUMBER_OBJECT_CONVERSION = YES_AGGRESSIVE;
				CLANG_CXX_LANGUAGE_STANDARD = "gnu++20";
				CLANG_ENABLE_MODULES = YES;
				CLANG_ENABLE_OBJC_ARC = YES;
				CLANG_ENABLE_OBJC_WEAK = YES;
				CLANG_WARN_BLOCK_CAPTURE_AUTORELEASING = YES;
				CLANG_WARN_BOOL_CONVERSION = YES;
				CLANG_WARN_COMMA = YES;
				CLANG_WARN_CONSTANT_CONVERSION = YES;
				CLANG_WARN_DEPRECATED_OBJC_IMPLEMENTATIONS = YES;
				CLANG_WARN_DIRECT_OBJC_ISA_USAGE = YES_ERROR;
				CLANG_WARN_DOCUMENTATION_COMMENTS = YES;
				CLANG_WARN_EMPTY_BODY = YES;
				CLANG_WARN_ENUM_CONVERSION = YES;
				CLANG_WARN_INFINITE_RECURSION = YES;
				CLANG_WARN_INT_CONVERSION = YES;
				CLANG_WARN_NON_LITERAL_NULL_CONVERSION = YES;
				CLANG_WARN_OBJC_IMPLICIT_RETAIN_SELF = YES;
				CLANG_WARN_OBJC_LITERAL_CONVERSION = YES;
				CLANG_WARN_OBJC_ROOT_CLASS = YES_ERROR;
				CLANG_WARN_QUOTED_INCLUDE_IN_FRAMEWORK_HEADER = YES;
				CLANG_WARN_RANGE_LOOP_ANALYSIS = YES;
				CLANG_WARN_STRICT_PROTOTYPES = YES;
				CLANG_WARN_SUSPICIOUS_MOVE = YES;
				CLANG_WARN_UNGUARDED_AVAILABILITY = YES_AGGRESSIVE;
				CLANG_WARN_UNREACHABLE_CODE = YES;
				CLANG_WARN__DUPLICATE_METHOD_MATCH = YES;
				COPY_PHASE_STRIP = NO;
				DEBUG_INFORMATION_FORMAT = dwarf;
				ENABLE_STRICT_OBJC_MSGSEND = YES;
				ENABLE_TESTABILITY = YES;
				ENABLE_USER_SCRIPT_SANDBOXING = YES;
				GCC_C_LANGUAGE_STANDARD = gnu17;
				GCC_DYNAMIC_NO_PIC = NO;
				GCC_NO_COMMON_BLOCKS = YES;
				GCC_OPTIMIZATION_LEVEL = 0;
				GCC_PREPROCESSOR_DEFINITIONS = (
					"DEBUG=1",
					"$(inherited)",
				);
				GCC_WARN_64_TO_32_BIT_CONVERSION = YES;
				GCC_WARN_ABOUT_RETURN_TYPE = YES_ERROR;
				GCC_WARN_UNDECLARED_SELECTOR = YES;
				GCC_WARN_UNINITIALIZED_AUTOS = YES_AGGRESSIVE;
				GCC_WARN_UNUSED_FUNCTION = YES;
				GCC_WARN_UNUSED_VARIABLE = YES;
				IPHONEOS_DEPLOYMENT_TARGET = 17.4;
				LOCALIZATION_PREFERS_STRING_CATALOGS = YES;
				MTL_ENABLE_DEBUG_INFO = INCLUDE_SOURCE;
				MTL_FAST_MATH = YES;
				ONLY_ACTIVE_ARCH = YES;
				SDKROOT = iphoneos;
				SWIFT_ACTIVE_COMPILATION_CONDITIONS = "DEBUG $(inherited)";
				SWIFT_OPTIMIZATION_LEVEL = "-Onone";
			};
			name = Debug;
		};
		235919CB2BEE41DF009B6FDB /* Release */ = {
			isa = XCBuildConfiguration;
			buildSettings = {
				ALWAYS_SEARCH_USER_PATHS = NO;
				ASSETCATALOG_COMPILER_GENERATE_SWIFT_ASSET_SYMBOL_EXTENSIONS = YES;
				CLANG_ANALYZER_NONNULL = YES;
				CLANG_ANALYZER_NUMBER_OBJECT_CONVERSION = YES_AGGRESSIVE;
				CLANG_CXX_LANGUAGE_STANDARD = "gnu++20";
				CLANG_ENABLE_MODULES = YES;
				CLANG_ENABLE_OBJC_ARC = YES;
				CLANG_ENABLE_OBJC_WEAK = YES;
				CLANG_WARN_BLOCK_CAPTURE_AUTORELEASING = YES;
				CLANG_WARN_BOOL_CONVERSION = YES;
				CLANG_WARN_COMMA = YES;
				CLANG_WARN_CONSTANT_CONVERSION = YES;
				CLANG_WARN_DEPRECATED_OBJC_IMPLEMENTATIONS = YES;
				CLANG_WARN_DIRECT_OBJC_ISA_USAGE = YES_ERROR;
				CLANG_WARN_DOCUMENTATION_COMMENTS = YES;
				CLANG_WARN_EMPTY_BODY = YES;
				CLANG_WARN_ENUM_CONVERSION = YES;
				CLANG_WARN_INFINITE_RECURSION = YES;
				CLANG_WARN_INT_CONVERSION = YES;
				CLANG_WARN_NON_LITERAL_NULL_CONVERSION = YES;
				CLANG_WARN_OBJC_IMPLICIT_RETAIN_SELF = YES;
				CLANG_WARN_OBJC_LITERAL_CONVERSION = YES;
				CLANG_WARN_OBJC_ROOT_CLASS = YES_ERROR;
				CLANG_WARN_QUOTED_INCLUDE_IN_FRAMEWORK_HEADER = YES;
				CLANG_WARN_RANGE_LOOP_ANALYSIS = YES;
				CLANG_WARN_STRICT_PROTOTYPES = YES;
				CLANG_WARN_SUSPICIOUS_MOVE = YES;
				CLANG_WARN_UNGUARDED_AVAILABILITY = YES_AGGRESSIVE;
				CLANG_WARN_UNREACHABLE_CODE = YES;
				CLANG_WARN__DUPLICATE_METHOD_MATCH = YES;
				COPY_PHASE_STRIP = NO;
				DEBUG_INFORMATION_FORMAT = "dwarf-with-dsym";
				ENABLE_NS_ASSERTIONS = NO;
				ENABLE_STRICT_OBJC_MSGSEND = YES;
				ENABLE_USER_SCRIPT_SANDBOXING = YES;
				GCC_C_LANGUAGE_STANDARD = gnu17;
				GCC_NO_COMMON_BLOCKS = YES;
				GCC_WARN_64_TO_32_BIT_CONVERSION = YES;
				GCC_WARN_ABOUT_RETURN_TYPE = YES_ERROR;
				GCC_WARN_UNDECLARED_SELECTOR = YES;
				GCC_WARN_UNINITIALIZED_AUTOS = YES_AGGRESSIVE;
				GCC_WARN_UNUSED_FUNCTION = YES;
				GCC_WARN_UNUSED_VARIABLE = YES;
				IPHONEOS_DEPLOYMENT_TARGET = 17.4;
				LOCALIZATION_PREFERS_STRING_CATALOGS = YES;
				MTL_ENABLE_DEBUG_INFO = NO;
				MTL_FAST_MATH = YES;
				SDKROOT = iphoneos;
				SWIFT_COMPILATION_MODE = wholemodule;
				VALIDATE_PRODUCT = YES;
			};
			name = Release;
		};
		235919CD2BEE41DF009B6FDB /* Debug */ = {
			isa = XCBuildConfiguration;
			buildSettings = {
				ASSETCATALOG_COMPILER_APPICON_NAME = AppIcon;
				ASSETCATALOG_COMPILER_GLOBAL_ACCENT_COLOR_NAME = AccentColor;
				CODE_SIGN_STYLE = Automatic;
				CURRENT_PROJECT_VERSION = 1;
				GENERATE_INFOPLIST_FILE = YES;
				INFOPLIST_FILE = baemin_order/Info.plist;
				INFOPLIST_KEY_UIApplicationSupportsIndirectInputEvents = YES;
				INFOPLIST_KEY_UILaunchStoryboardName = LaunchScreen;
				INFOPLIST_KEY_UIMainStoryboardFile = Main;
				INFOPLIST_KEY_UISupportedInterfaceOrientations_iPad = "UIInterfaceOrientationPortrait UIInterfaceOrientationPortraitUpsideDown UIInterfaceOrientationLandscapeLeft UIInterfaceOrientationLandscapeRight";
				INFOPLIST_KEY_UISupportedInterfaceOrientations_iPhone = "UIInterfaceOrientationPortrait UIInterfaceOrientationLandscapeLeft UIInterfaceOrientationLandscapeRight";
				LD_RUNPATH_SEARCH_PATHS = (
					"$(inherited)",
					"@executable_path/Frameworks",
				);
				MARKETING_VERSION = 1.0;
				PRODUCT_BUNDLE_IDENTIFIER = "UMC.baemin-order";
				PRODUCT_NAME = "$(TARGET_NAME)";
				SWIFT_EMIT_LOC_STRINGS = YES;
				SWIFT_VERSION = 5.0;
				TARGETED_DEVICE_FAMILY = "1,2";
			};
			name = Debug;
		};
		235919CE2BEE41DF009B6FDB /* Release */ = {
			isa = XCBuildConfiguration;
			buildSettings = {
				ASSETCATALOG_COMPILER_APPICON_NAME = AppIcon;
				ASSETCATALOG_COMPILER_GLOBAL_ACCENT_COLOR_NAME = AccentColor;
				CODE_SIGN_STYLE = Automatic;
				CURRENT_PROJECT_VERSION = 1;
				GENERATE_INFOPLIST_FILE = YES;
				INFOPLIST_FILE = baemin_order/Info.plist;
				INFOPLIST_KEY_UIApplicationSupportsIndirectInputEvents = YES;
				INFOPLIST_KEY_UILaunchStoryboardName = LaunchScreen;
				INFOPLIST_KEY_UIMainStoryboardFile = Main;
				INFOPLIST_KEY_UISupportedInterfaceOrientations_iPad = "UIInterfaceOrientationPortrait UIInterfaceOrientationPortraitUpsideDown UIInterfaceOrientationLandscapeLeft UIInterfaceOrientationLandscapeRight";
				INFOPLIST_KEY_UISupportedInterfaceOrientations_iPhone = "UIInterfaceOrientationPortrait UIInterfaceOrientationLandscapeLeft UIInterfaceOrientationLandscapeRight";
				LD_RUNPATH_SEARCH_PATHS = (
					"$(inherited)",
					"@executable_path/Frameworks",
				);
				MARKETING_VERSION = 1.0;
				PRODUCT_BUNDLE_IDENTIFIER = "UMC.baemin-order";
				PRODUCT_NAME = "$(TARGET_NAME)";
				SWIFT_EMIT_LOC_STRINGS = YES;
				SWIFT_VERSION = 5.0;
				TARGETED_DEVICE_FAMILY = "1,2";
			};
			name = Release;
		};
/* End XCBuildConfiguration section */

/* Begin XCConfigurationList section */
		235919B32BEE41DE009B6FDB /* Build configuration list for PBXProject "baemin_order" */ = {
			isa = XCConfigurationList;
			buildConfigurations = (
				235919CA2BEE41DF009B6FDB /* Debug */,
				235919CB2BEE41DF009B6FDB /* Release */,
			);
			defaultConfigurationIsVisible = 0;
			defaultConfigurationName = Release;
		};
		235919CC2BEE41DF009B6FDB /* Build configuration list for PBXNativeTarget "baemin_order" */ = {
			isa = XCConfigurationList;
			buildConfigurations = (
				235919CD2BEE41DF009B6FDB /* Debug */,
				235919CE2BEE41DF009B6FDB /* Release */,
			);
			defaultConfigurationIsVisible = 0;
			defaultConfigurationName = Release;
		};
/* End XCConfigurationList section */
	};
	rootObject = 235919B02BEE41DE009B6FDB /* Project object */;
}
